
Microsoft Visual Studio Solution File, Format Version 12.00
# Visual Studio Version 17
VisualStudioVersion = 17.5.33530.505
MinimumVisualStudioVersion = 10.0.40219.1
Project("{9A19103F-16F7-4668-BE54-9A1E7A4F7556}") = "ChatGptApi", "api\ChatGptApi.csproj", "{4026A4BA-73D5-4C2A-867D-D06CBEEF36AF}"
EndProject
Global
	GlobalSection(SolutionConfigurationPlatforms) = preSolution
		Debug|Any CPU = Debug|Any CPU
		Release|Any CPU = Release|Any CPU
	EndGlobalSection
	GlobalSection(ProjectConfigurationPlatforms) = postSolution
		{4026A4BA-73D5-4C2A-867D-D06CBEEF36AF}.Debug|Any CPU.ActiveCfg = Debug|Any CPU
		{4026A4BA-73D5-4C2A-867D-D06CBEEF36AF}.Debug|Any CPU.Build.0 = Debug|Any CPU
		{4026A4BA-73D5-4C2A-867D-D06CBEEF36AF}.Release|Any CPU.ActiveCfg = Release|Any CPU
		{4026A4BA-73D5-4C2A-867D-D06CBEEF36AF}.Release|Any CPU.Build.0 = Release|Any CPU
	EndGlobalSection
	GlobalSection(SolutionProperties) = preSolution
		HideSolutionNode = FALSE
	EndGlobalSection
	GlobalSection(ExtensibilityGlobals) = postSolution
		SolutionGuid = {47756A53-7F03-4D9A-A816-A7AE22C938E3}
	EndGlobalSection
EndGlobal
